
Microsoft Visual Studio Solution File, Format Version 12.00
# Visual Studio 15
VisualStudioVersion = 15.0.26228.9
MinimumVisualStudioVersion = 10.0.40219.1
Project("{00D1A9C2-B5F0-4AF3-8072-F6C62B433612}") = "RPGManagerDatabase", "RPGManagerDatabase\RPGManagerDatabase.sqlproj", "{17C446A7-D82D-4320-92A2-46706D738818}"
EndProject
Project("{FAE04EC0-301F-11D3-BF4B-00C04F79EFBC}") = "RPGManager.Portal", "RPGManager.Portal\RPGManager.Portal.csproj", "{F5CD362A-AC34-421F-99D7-CE5A1DC42ADD}"
EndProject
Project("{FAE04EC0-301F-11D3-BF4B-00C04F79EFBC}") = "RPGManager.Portal.Tests", "RPGManager.Portal.Tests\RPGManager.Portal.Tests.csproj", "{BC985CBF-B877-415E-B269-DA0FBC482EB5}"
EndProject
Project("{FAE04EC0-301F-11D3-BF4B-00C04F79EFBC}") = "RPGManager.Data", "RPGManager.Data\RPGManager.Data.csproj", "{ADB20126-EE18-48A5-A744-900E84686ACD}"
EndProject
Project("{FAE04EC0-301F-11D3-BF4B-00C04F79EFBC}") = "RPGManager", "RPGManager\RPGManager.csproj", "{68C32EB9-F080-479C-9501-1B94B50A167E}"
EndProject
Global
	GlobalSection(SolutionConfigurationPlatforms) = preSolution
		Debug|Any CPU = Debug|Any CPU
		Release|Any CPU = Release|Any CPU
	EndGlobalSection
	GlobalSection(ProjectConfigurationPlatforms) = postSolution
		{17C446A7-D82D-4320-92A2-46706D738818}.Debug|Any CPU.ActiveCfg = Debug|Any CPU
		{17C446A7-D82D-4320-92A2-46706D738818}.Debug|Any CPU.Build.0 = Debug|Any CPU
		{17C446A7-D82D-4320-92A2-46706D738818}.Debug|Any CPU.Deploy.0 = Debug|Any CPU
		{17C446A7-D82D-4320-92A2-46706D738818}.Release|Any CPU.ActiveCfg = Release|Any CPU
		{17C446A7-D82D-4320-92A2-46706D738818}.Release|Any CPU.Build.0 = Release|Any CPU
		{17C446A7-D82D-4320-92A2-46706D738818}.Release|Any CPU.Deploy.0 = Release|Any CPU
		{F5CD362A-AC34-421F-99D7-CE5A1DC42ADD}.Debug|Any CPU.ActiveCfg = Debug|Any CPU
		{F5CD362A-AC34-421F-99D7-CE5A1DC42ADD}.Debug|Any CPU.Build.0 = Debug|Any CPU
		{F5CD362A-AC34-421F-99D7-CE5A1DC42ADD}.Release|Any CPU.ActiveCfg = Release|Any CPU
		{F5CD362A-AC34-421F-99D7-CE5A1DC42ADD}.Release|Any CPU.Build.0 = Release|Any CPU
		{BC985CBF-B877-415E-B269-DA0FBC482EB5}.Debug|Any CPU.ActiveCfg = Debug|Any CPU
		{BC985CBF-B877-415E-B269-DA0FBC482EB5}.Debug|Any CPU.Build.0 = Debug|Any CPU
		{BC985CBF-B877-415E-B269-DA0FBC482EB5}.Release|Any CPU.ActiveCfg = Release|Any CPU
		{BC985CBF-B877-415E-B269-DA0FBC482EB5}.Release|Any CPU.Build.0 = Release|Any CPU
		{ADB20126-EE18-48A5-A744-900E84686ACD}.Debug|Any CPU.ActiveCfg = Debug|Any CPU
		{ADB20126-EE18-48A5-A744-900E84686ACD}.Debug|Any CPU.Build.0 = Debug|Any CPU
		{ADB20126-EE18-48A5-A744-900E84686ACD}.Release|Any CPU.ActiveCfg = Release|Any CPU
		{ADB20126-EE18-48A5-A744-900E84686ACD}.Release|Any CPU.Build.0 = Release|Any CPU
		{68C32EB9-F080-479C-9501-1B94B50A167E}.Debug|Any CPU.ActiveCfg = Debug|Any CPU
		{68C32EB9-F080-479C-9501-1B94B50A167E}.Debug|Any CPU.Build.0 = Debug|Any CPU
		{68C32EB9-F080-479C-9501-1B94B50A167E}.Release|Any CPU.ActiveCfg = Release|Any CPU
		{68C32EB9-F080-479C-9501-1B94B50A167E}.Release|Any CPU.Build.0 = Release|Any CPU
	EndGlobalSection
	GlobalSection(SolutionProperties) = preSolution
		HideSolutionNode = FALSE
	EndGlobalSection
EndGlobal
